
Microsoft Visual Studio Solution File, Format Version 12.00
# Visual Studio 2013
VisualStudioVersion = 12.0.31101.0
MinimumVisualStudioVersion = 10.0.40219.1
Project("{FAE04EC0-301F-11D3-BF4B-00C04F79EFBC}") = "Birch.Swagger.ProxyGenerator", "Birch.Swagger.ProxyGenerator\Birch.Swagger.ProxyGenerator.csproj", "{473BDC2B-42FD-4490-9DF3-CECB8BB3433C}"
EndProject
Project("{2150E333-8FDC-42A3-9474-1A3956D46DE8}") = "Build", "Build", "{F18F1CAC-1BE7-416A-9E52-626AA6FFA4C8}"
	ProjectSection(SolutionItems) = preProject
		build\Birch.Swagger.ProxyGenerator.nuspec = build\Birch.Swagger.ProxyGenerator.nuspec
		build\Birch.Swagger.ProxyGenerator.targets = build\Birch.Swagger.ProxyGenerator.targets
		build\BuildNugetPackage.cmd = build\BuildNugetPackage.cmd
		build\install.ps1 = build\install.ps1
		Readme.md = Readme.md
	EndProjectSection
EndProject
Global
	GlobalSection(SolutionConfigurationPlatforms) = preSolution
		Debug|Any CPU = Debug|Any CPU
		Release|Any CPU = Release|Any CPU
	EndGlobalSection
	GlobalSection(ProjectConfigurationPlatforms) = postSolution
		{473BDC2B-42FD-4490-9DF3-CECB8BB3433C}.Debug|Any CPU.ActiveCfg = Debug|Any CPU
		{473BDC2B-42FD-4490-9DF3-CECB8BB3433C}.Debug|Any CPU.Build.0 = Debug|Any CPU
		{473BDC2B-42FD-4490-9DF3-CECB8BB3433C}.Release|Any CPU.ActiveCfg = Release|Any CPU
		{473BDC2B-42FD-4490-9DF3-CECB8BB3433C}.Release|Any CPU.Build.0 = Release|Any CPU
	EndGlobalSection
	GlobalSection(SolutionProperties) = preSolution
		HideSolutionNode = FALSE
	EndGlobalSection
EndGlobal
